
Microsoft Visual Studio Solution File, Format Version 12.00
# Visual Studio Version 17
VisualStudioVersion = 17.4.33213.308
MinimumVisualStudioVersion = 10.0.40219.1
Project("{FAE04EC0-301F-11D3-BF4B-00C04F79EFBC}") = "DoctorFinderHubApi", "DoctorFinderHubApi.csproj", "{914FE08F-729E-427F-8057-7AD6918A581C}"
EndProject
Global
	GlobalSection(SolutionConfigurationPlatforms) = preSolution
		Debug|Any CPU = Debug|Any CPU
		Release|Any CPU = Release|Any CPU
	EndGlobalSection
	GlobalSection(ProjectConfigurationPlatforms) = postSolution
		{914FE08F-729E-427F-8057-7AD6918A581C}.Debug|Any CPU.ActiveCfg = Debug|Any CPU
		{914FE08F-729E-427F-8057-7AD6918A581C}.Debug|Any CPU.Build.0 = Debug|Any CPU
		{914FE08F-729E-427F-8057-7AD6918A581C}.Release|Any CPU.ActiveCfg = Release|Any CPU
		{914FE08F-729E-427F-8057-7AD6918A581C}.Release|Any CPU.Build.0 = Release|Any CPU
	EndGlobalSection
	GlobalSection(SolutionProperties) = preSolution
		HideSolutionNode = FALSE
	EndGlobalSection
	GlobalSection(ExtensibilityGlobals) = postSolution
		SolutionGuid = {EFEAB4E6-6509-49C8-8D25-33E514640283}
	EndGlobalSection
EndGlobal
